// !$*UTF8*$!
{
	archiveVersion = 1;
	classes = {
	};
	objectVersion = 50;
	objects = {

/* Begin PBXBuildFile section */
		7445074424F8BFDE00DE1C0D /* AppDelegate.swift in Sources */ = {isa = PBXBuildFile; fileRef = 7445074324F8BFDE00DE1C0D /* AppDelegate.swift */; };
		7445074624F8BFDE00DE1C0D /* SceneDelegate.swift in Sources */ = {isa = PBXBuildFile; fileRef = 7445074524F8BFDE00DE1C0D /* SceneDelegate.swift */; };
		7445074824F8BFDE00DE1C0D /* ViewController.swift in Sources */ = {isa = PBXBuildFile; fileRef = 7445074724F8BFDE00DE1C0D /* ViewController.swift */; };
		7445074B24F8BFDE00DE1C0D /* Main.storyboard in Resources */ = {isa = PBXBuildFile; fileRef = 7445074924F8BFDE00DE1C0D /* Main.storyboard */; };
		7445074D24F8BFE000DE1C0D /* Assets.xcassets in Resources */ = {isa = PBXBuildFile; fileRef = 7445074C24F8BFE000DE1C0D /* Assets.xcassets */; };
		7445075024F8BFE000DE1C0D /* LaunchScreen.storyboard in Resources */ = {isa = PBXBuildFile; fileRef = 7445074E24F8BFE000DE1C0D /* LaunchScreen.storyboard */; };
		7445075B24F8BFE000DE1C0D /* GameFlippingTests.swift in Sources */ = {isa = PBXBuildFile; fileRef = 7445075A24F8BFE000DE1C0D /* GameFlippingTests.swift */; };
		7445076624F8BFE000DE1C0D /* GameFlippingUITests.swift in Sources */ = {isa = PBXBuildFile; fileRef = 7445076524F8BFE000DE1C0D /* GameFlippingUITests.swift */; };
		7445077424F8C29C00DE1C0D /* CardModel.swift in Sources */ = {isa = PBXBuildFile; fileRef = 7445077324F8C29C00DE1C0D /* CardModel.swift */; };
		7445077624F8C33600DE1C0D /* Card.swift in Sources */ = {isa = PBXBuildFile; fileRef = 7445077524F8C33600DE1C0D /* Card.swift */; };
		7445077824F8C5D800DE1C0D /* CardCollectionViewCell.swift in Sources */ = {isa = PBXBuildFile; fileRef = 7445077724F8C5D800DE1C0D /* CardCollectionViewCell.swift */; };
/* End PBXBuildFile section */

/* Begin PBXContainerItemProxy section */
		7445075724F8BFE000DE1C0D /* PBXContainerItemProxy */ = {
			isa = PBXContainerItemProxy;
			containerPortal = 7445073824F8BFDE00DE1C0D /* Project object */;
			proxyType = 1;
			remoteGlobalIDString = 7445073F24F8BFDE00DE1C0D;
			remoteInfo = GameFlipping;
		};
		7445076224F8BFE000DE1C0D /* PBXContainerItemProxy */ = {
			isa = PBXContainerItemProxy;
			containerPortal = 7445073824F8BFDE00DE1C0D /* Project object */;
			proxyType = 1;
			remoteGlobalIDString = 7445073F24F8BFDE00DE1C0D;
			remoteInfo = GameFlipping;
		};
/* End PBXContainerItemProxy section */

/* Begin PBXFileReference section */
		7445074024F8BFDE00DE1C0D /* GameFlipping.app */ = {isa = PBXFileReference; explicitFileType = wrapper.application; includeInIndex = 0; path = GameFlipping.app; sourceTree = BUILT_PRODUCTS_DIR; };
		7445074324F8BFDE00DE1C0D /* AppDelegate.swift */ = {isa = PBXFileReference; lastKnownFileType = sourcecode.swift; path = AppDelegate.swift; sourceTree = "<group>"; };
		7445074524F8BFDE00DE1C0D /* SceneDelegate.swift */ = {isa = PBXFileReference; lastKnownFileType = sourcecode.swift; path = SceneDelegate.swift; sourceTree = "<group>"; };
		7445074724F8BFDE00DE1C0D /* ViewController.swift */ = {isa = PBXFileReference; lastKnownFileType = sourcecode.swift; path = ViewController.swift; sourceTree = "<group>"; };
		7445074A24F8BFDE00DE1C0D /* Base */ = {isa = PBXFileReference; lastKnownFileType = file.storyboard; name = Base; path = Base.lproj/Main.storyboard; sourceTree = "<group>"; };
		7445074C24F8BFE000DE1C0D /* Assets.xcassets */ = {isa = PBXFileReference; lastKnownFileType = folder.assetcatalog; path = Assets.xcassets; sourceTree = "<group>"; };
		7445074F24F8BFE000DE1C0D /* Base */ = {isa = PBXFileReference; lastKnownFileType = file.storyboard; name = Base; path = Base.lproj/LaunchScreen.storyboard; sourceTree = "<group>"; };
		7445075124F8BFE000DE1C0D /* Info.plist */ = {isa = PBXFileReference; lastKnownFileType = text.plist.xml; path = Info.plist; sourceTree = "<group>"; };
		7445075624F8BFE000DE1C0D /* GameFlippingTests.xctest */ = {isa = PBXFileReference; explicitFileType = wrapper.cfbundle; includeInIndex = 0; path = GameFlippingTests.xctest; sourceTree = BUILT_PRODUCTS_DIR; };
		7445075A24F8BFE000DE1C0D /* GameFlippingTests.swift */ = {isa = PBXFileReference; lastKnownFileType = sourcecode.swift; path = GameFlippingTests.swift; sourceTree = "<group>"; };
		7445075C24F8BFE000DE1C0D /* Info.plist */ = {isa = PBXFileReference; lastKnownFileType = text.plist.xml; path = Info.plist; sourceTree = "<group>"; };
		7445076124F8BFE000DE1C0D /* GameFlippingUITests.xctest */ = {isa = PBXFileReference; explicitFileType = wrapper.cfbundle; includeInIndex = 0; path = GameFlippingUITests.xctest; sourceTree = BUILT_PRODUCTS_DIR; };
		7445076524F8BFE000DE1C0D /* GameFlippingUITests.swift */ = {isa = PBXFileReference; lastKnownFileType = sourcecode.swift; path = GameFlippingUITests.swift; sourceTree = "<group>"; };
		7445076724F8BFE100DE1C0D /* Info.plist */ = {isa = PBXFileReference; lastKnownFileType = text.plist.xml; path = Info.plist; sourceTree = "<group>"; };
		7445077324F8C29C00DE1C0D /* CardModel.swift */ = {isa = PBXFileReference; lastKnownFileType = sourcecode.swift; path = CardModel.swift; sourceTree = "<group>"; };
		7445077524F8C33600DE1C0D /* Card.swift */ = {isa = PBXFileReference; lastKnownFileType = sourcecode.swift; path = Card.swift; sourceTree = "<group>"; };
		7445077724F8C5D800DE1C0D /* CardCollectionViewCell.swift */ = {isa = PBXFileReference; lastKnownFileType = sourcecode.swift; path = CardCollectionViewCell.swift; sourceTree = "<group>"; };
/* End PBXFileReference section */

/* Begin PBXFrameworksBuildPhase section */
		7445073D24F8BFDE00DE1C0D /* Frameworks */ = {
			isa = PBXFrameworksBuildPhase;
			buildActionMask = 2147483647;
			files = (
			);
			runOnlyForDeploymentPostprocessing = 0;
		};
		7445075324F8BFE000DE1C0D /* Frameworks */ = {
			isa = PBXFrameworksBuildPhase;
			buildActionMask = 2147483647;
			files = (
			);
			runOnlyForDeploymentPostprocessing = 0;
		};
		7445075E24F8BFE000DE1C0D /* Frameworks */ = {
			isa = PBXFrameworksBuildPhase;
			buildActionMask = 2147483647;
			files = (
			);
			runOnlyForDeploymentPostprocessing = 0;
		};
/* End PBXFrameworksBuildPhase section */

/* Begin PBXGroup section */
		7445073724F8BFDE00DE1C0D = {
			isa = PBXGroup;
			children = (
				7445074224F8BFDE00DE1C0D /* GameFlipping */,
				7445075924F8BFE000DE1C0D /* GameFlippingTests */,
				7445076424F8BFE000DE1C0D /* GameFlippingUITests */,
				7445074124F8BFDE00DE1C0D /* Products */,
			);
			sourceTree = "<group>";
		};
		7445074124F8BFDE00DE1C0D /* Products */ = {
			isa = PBXGroup;
			children = (
				7445074024F8BFDE00DE1C0D /* GameFlipping.app */,
				7445075624F8BFE000DE1C0D /* GameFlippingTests.xctest */,
				7445076124F8BFE000DE1C0D /* GameFlippingUITests.xctest */,
			);
			name = Products;
			sourceTree = "<group>";
		};
		7445074224F8BFDE00DE1C0D /* GameFlipping */ = {
			isa = PBXGroup;
			children = (
				7445074324F8BFDE00DE1C0D /* AppDelegate.swift */,
				7445074524F8BFDE00DE1C0D /* SceneDelegate.swift */,
				7445074724F8BFDE00DE1C0D /* ViewController.swift */,
				7445074924F8BFDE00DE1C0D /* Main.storyboard */,
				7445074C24F8BFE000DE1C0D /* Assets.xcassets */,
				7445074E24F8BFE000DE1C0D /* LaunchScreen.storyboard */,
				7445075124F8BFE000DE1C0D /* Info.plist */,
				7445077324F8C29C00DE1C0D /* CardModel.swift */,
				7445077524F8C33600DE1C0D /* Card.swift */,
				7445077724F8C5D800DE1C0D /* CardCollectionViewCell.swift */,
			);
			path = GameFlipping;
			sourceTree = "<group>";
		};
		7445075924F8BFE000DE1C0D /* GameFlippingTests */ = {
			isa = PBXGroup;
			children = (
				7445075A24F8BFE000DE1C0D /* GameFlippingTests.swift */,
				7445075C24F8BFE000DE1C0D /* Info.plist */,
			);
			path = GameFlippingTests;
			sourceTree = "<group>";
		};
		7445076424F8BFE000DE1C0D /* GameFlippingUITests */ = {
			isa = PBXGroup;
			children = (
				7445076524F8BFE000DE1C0D /* GameFlippingUITests.swift */,
				7445076724F8BFE100DE1C0D /* Info.plist */,
			);
			path = GameFlippingUITests;
			sourceTree = "<group>";
		};
/* End PBXGroup section */

/* Begin PBXNativeTarget section */
		7445073F24F8BFDE00DE1C0D /* GameFlipping */ = {
			isa = PBXNativeTarget;
			buildConfigurationList = 7445076A24F8BFE100DE1C0D /* Build configuration list for PBXNativeTarget "GameFlipping" */;
			buildPhases = (
				7445073C24F8BFDE00DE1C0D /* Sources */,
				7445073D24F8BFDE00DE1C0D /* Frameworks */,
				7445073E24F8BFDE00DE1C0D /* Resources */,
			);
			buildRules = (
			);
			dependencies = (
			);
			name = GameFlipping;
			productName = GameFlipping;
			productReference = 7445074024F8BFDE00DE1C0D /* GameFlipping.app */;
			productType = "com.apple.product-type.application";
		};
		7445075524F8BFE000DE1C0D /* GameFlippingTests */ = {
			isa = PBXNativeTarget;
			buildConfigurationList = 7445076D24F8BFE100DE1C0D /* Build configuration list for PBXNativeTarget "GameFlippingTests" */;
			buildPhases = (
				7445075224F8BFE000DE1C0D /* Sources */,
				7445075324F8BFE000DE1C0D /* Frameworks */,
				7445075424F8BFE000DE1C0D /* Resources */,
			);
			buildRules = (
			);
			dependencies = (
				7445075824F8BFE000DE1C0D /* PBXTargetDependency */,
			);
			name = GameFlippingTests;
			productName = GameFlippingTests;
			productReference = 7445075624F8BFE000DE1C0D /* GameFlippingTests.xctest */;
			productType = "com.apple.product-type.bundle.unit-test";
		};
		7445076024F8BFE000DE1C0D /* GameFlippingUITests */ = {
			isa = PBXNativeTarget;
			buildConfigurationList = 7445077024F8BFE100DE1C0D /* Build configuration list for PBXNativeTarget "GameFlippingUITests" */;
			buildPhases = (
				7445075D24F8BFE000DE1C0D /* Sources */,
				7445075E24F8BFE000DE1C0D /* Frameworks */,
				7445075F24F8BFE000DE1C0D /* Resources */,
			);
			buildRules = (
			);
			dependencies = (
				7445076324F8BFE000DE1C0D /* PBXTargetDependency */,
			);
			name = GameFlippingUITests;
			productName = GameFlippingUITests;
			productReference = 7445076124F8BFE000DE1C0D /* GameFlippingUITests.xctest */;
			productType = "com.apple.product-type.bundle.ui-testing";
		};
/* End PBXNativeTarget section */

/* Begin PBXProject section */
		7445073824F8BFDE00DE1C0D /* Project object */ = {
			isa = PBXProject;
			attributes = {
				LastSwiftUpdateCheck = 1160;
				LastUpgradeCheck = 1160;
				ORGANIZATIONNAME = tuan.anhpham;
				TargetAttributes = {
					7445073F24F8BFDE00DE1C0D = {
						CreatedOnToolsVersion = 11.6;
					};
					7445075524F8BFE000DE1C0D = {
						CreatedOnToolsVersion = 11.6;
						TestTargetID = 7445073F24F8BFDE00DE1C0D;
					};
					7445076024F8BFE000DE1C0D = {
						CreatedOnToolsVersion = 11.6;
						TestTargetID = 7445073F24F8BFDE00DE1C0D;
					};
				};
			};
			buildConfigurationList = 7445073B24F8BFDE00DE1C0D /* Build configuration list for PBXProject "GameFlipping" */;
			compatibilityVersion = "Xcode 9.3";
			developmentRegion = en;
			hasScannedForEncodings = 0;
			knownRegions = (
				en,
				Base,
			);
			mainGroup = 7445073724F8BFDE00DE1C0D;
			productRefGroup = 7445074124F8BFDE00DE1C0D /* Products */;
			projectDirPath = "";
			projectRoot = "";
			targets = (
				7445073F24F8BFDE00DE1C0D /* GameFlipping */,
				7445075524F8BFE000DE1C0D /* GameFlippingTests */,
				7445076024F8BFE000DE1C0D /* GameFlippingUITests */,
			);
		};
/* End PBXProject section */

/* Begin PBXResourcesBuildPhase section */
		7445073E24F8BFDE00DE1C0D /* Resources */ = {
			isa = PBXResourcesBuildPhase;
			buildActionMask = 2147483647;
			files = (
				7445075024F8BFE000DE1C0D /* LaunchScreen.storyboard in Resources */,
				7445074D24F8BFE000DE1C0D /* Assets.xcassets in Resources */,
				7445074B24F8BFDE00DE1C0D /* Main.storyboard in Resources */,
			);
			runOnlyForDeploymentPostprocessing = 0;
		};
		7445075424F8BFE000DE1C0D /* Resources */ = {
			isa = PBXResourcesBuildPhase;
			buildActionMask = 2147483647;
			files = (
			);
			runOnlyForDeploymentPostprocessing = 0;
		};
		7445075F24F8BFE000DE1C0D /* Resources */ = {
			isa = PBXResourcesBuildPhase;
			buildActionMask = 2147483647;
			files = (
			);
			runOnlyForDeploymentPostprocessing = 0;
		};
/* End PBXResourcesBuildPhase section */

/* Begin PBXSourcesBuildPhase section */
		7445073C24F8BFDE00DE1C0D /* Sources */ = {
			isa = PBXSourcesBuildPhase;
			buildActionMask = 2147483647;
			files = (
				7445074824F8BFDE00DE1C0D /* ViewController.swift in Sources */,
				7445077424F8C29C00DE1C0D /* CardModel.swift in Sources */,
				7445077624F8C33600DE1C0D /* Card.swift in Sources */,
				7445074424F8BFDE00DE1C0D /* AppDelegate.swift in Sources */,
				7445077824F8C5D800DE1C0D /* CardCollectionViewCell.swift in Sources */,
				7445074624F8BFDE00DE1C0D /* SceneDelegate.swift in Sources */,
			);
			runOnlyForDeploymentPostprocessing = 0;
		};
		7445075224F8BFE000DE1C0D /* Sources */ = {
			isa = PBXSourcesBuildPhase;
			buildActionMask = 2147483647;
			files = (
				7445075B24F8BFE000DE1C0D /* GameFlippingTests.swift in Sources */,
			);
			runOnlyForDeploymentPostprocessing = 0;
		};
		7445075D24F8BFE000DE1C0D /* Sources */ = {
			isa = PBXSourcesBuildPhase;
			buildActionMask = 2147483647;
			files = (
				7445076624F8BFE000DE1C0D /* GameFlippingUITests.swift in Sources */,
			);
			runOnlyForDeploymentPostprocessing = 0;
		};
/* End PBXSourcesBuildPhase section */

/* Begin PBXTargetDependency section */
		7445075824F8BFE000DE1C0D /* PBXTargetDependency */ = {
			isa = PBXTargetDependency;
			target = 7445073F24F8BFDE00DE1C0D /* GameFlipping */;
			targetProxy = 7445075724F8BFE000DE1C0D /* PBXContainerItemProxy */;
		};
		7445076324F8BFE000DE1C0D /* PBXTargetDependency */ = {
			isa = PBXTargetDependency;
			target = 7445073F24F8BFDE00DE1C0D /* GameFlipping */;
			targetProxy = 7445076224F8BFE000DE1C0D /* PBXContainerItemProxy */;
		};
/* End PBXTargetDependency section */

/* Begin PBXVariantGroup section */
		7445074924F8BFDE00DE1C0D /* Main.storyboard */ = {
			isa = PBXVariantGroup;
			children = (
				7445074A24F8BFDE00DE1C0D /* Base */,
			);
			name = Main.storyboard;
			sourceTree = "<group>";
		};
		7445074E24F8BFE000DE1C0D /* LaunchScreen.storyboard */ = {
			isa = PBXVariantGroup;
			children = (
				7445074F24F8BFE000DE1C0D /* Base */,
			);
			name = LaunchScreen.storyboard;
			sourceTree = "<group>";
		};
/* End PBXVariantGroup section */

/* Begin XCBuildConfiguration section */
		7445076824F8BFE100DE1C0D /* Debug */ = {
			isa = XCBuildConfiguration;
			buildSettings = {
				ALWAYS_SEARCH_USER_PATHS = NO;
				CLANG_ANALYZER_NONNULL = YES;
				CLANG_ANALYZER_NUMBER_OBJECT_CONVERSION = YES_AGGRESSIVE;
				CLANG_CXX_LANGUAGE_STANDARD = "gnu++14";
				CLANG_CXX_LIBRARY = "libc++";
				CLANG_ENABLE_MODULES = YES;
				CLANG_ENABLE_OBJC_ARC = YES;
				CLANG_ENABLE_OBJC_WEAK = YES;
				CLANG_WARN_BLOCK_CAPTURE_AUTORELEASING = YES;
				CLANG_WARN_BOOL_CONVERSION = YES;
				CLANG_WARN_COMMA = YES;
				CLANG_WARN_CONSTANT_CONVERSION = YES;
				CLANG_WARN_DEPRECATED_OBJC_IMPLEMENTATIONS = YES;
				CLANG_WARN_DIRECT_OBJC_ISA_USAGE = YES_ERROR;
				CLANG_WARN_DOCUMENTATION_COMMENTS = YES;
				CLANG_WARN_EMPTY_BODY = YES;
				CLANG_WARN_ENUM_CONVERSION = YES;
				CLANG_WARN_INFINITE_RECURSION = YES;
				CLANG_WARN_INT_CONVERSION = YES;
				CLANG_WARN_NON_LITERAL_NULL_CONVERSION = YES;
				CLANG_WARN_OBJC_IMPLICIT_RETAIN_SELF = YES;
				CLANG_WARN_OBJC_LITERAL_CONVERSION = YES;
				CLANG_WARN_OBJC_ROOT_CLASS = YES_ERROR;
				CLANG_WARN_RANGE_LOOP_ANALYSIS = YES;
				CLANG_WARN_STRICT_PROTOTYPES = YES;
				CLANG_WARN_SUSPICIOUS_MOVE = YES;
				CLANG_WARN_UNGUARDED_AVAILABILITY = YES_AGGRESSIVE;
				CLANG_WARN_UNREACHABLE_CODE = YES;
				CLANG_WARN__DUPLICATE_METHOD_MATCH = YES;
				COPY_PHASE_STRIP = NO;
				DEBUG_INFORMATION_FORMAT = dwarf;
				ENABLE_STRICT_OBJC_MSGSEND = YES;
				ENABLE_TESTABILITY = YES;
				GCC_C_LANGUAGE_STANDARD = gnu11;
				GCC_DYNAMIC_NO_PIC = NO;
				GCC_NO_COMMON_BLOCKS = YES;
				GCC_OPTIMIZATION_LEVEL = 0;
				GCC_PREPROCESSOR_DEFINITIONS = (
					"DEBUG=1",
					"$(inherited)",
				);
				GCC_WARN_64_TO_32_BIT_CONVERSION = YES;
				GCC_WARN_ABOUT_RETURN_TYPE = YES_ERROR;
				GCC_WARN_UNDECLARED_SELECTOR = YES;
				GCC_WARN_UNINITIALIZED_AUTOS = YES_AGGRESSIVE;
				GCC_WARN_UNUSED_FUNCTION = YES;
				GCC_WARN_UNUSED_VARIABLE = YES;
				IPHONEOS_DEPLOYMENT_TARGET = 13.6;
				MTL_ENABLE_DEBUG_INFO = INCLUDE_SOURCE;
				MTL_FAST_MATH = YES;
				ONLY_ACTIVE_ARCH = YES;
				SDKROOT = iphoneos;
				SWIFT_ACTIVE_COMPILATION_CONDITIONS = DEBUG;
				SWIFT_OPTIMIZATION_LEVEL = "-Onone";
			};
			name = Debug;
		};
		7445076924F8BFE100DE1C0D /* Release */ = {
			isa = XCBuildConfiguration;
			buildSettings = {
				ALWAYS_SEARCH_USER_PATHS = NO;
				CLANG_ANALYZER_NONNULL = YES;
				CLANG_ANALYZER_NUMBER_OBJECT_CONVERSION = YES_AGGRESSIVE;
				CLANG_CXX_LANGUAGE_STANDARD = "gnu++14";
				CLANG_CXX_LIBRARY = "libc++";
				CLANG_ENABLE_MODULES = YES;
				CLANG_ENABLE_OBJC_ARC = YES;
				CLANG_ENABLE_OBJC_WEAK = YES;
				CLANG_WARN_BLOCK_CAPTURE_AUTORELEASING = YES;
				CLANG_WARN_BOOL_CONVERSION = YES;
				CLANG_WARN_COMMA = YES;
				CLANG_WARN_CONSTANT_CONVERSION = YES;
				CLANG_WARN_DEPRECATED_OBJC_IMPLEMENTATIONS = YES;
				CLANG_WARN_DIRECT_OBJC_ISA_USAGE = YES_ERROR;
				CLANG_WARN_DOCUMENTATION_COMMENTS = YES;
				CLANG_WARN_EMPTY_BODY = YES;
				CLANG_WARN_ENUM_CONVERSION = YES;
				CLANG_WARN_INFINITE_RECURSION = YES;
				CLANG_WARN_INT_CONVERSION = YES;
				CLANG_WARN_NON_LITERAL_NULL_CONVERSION = YES;
				CLANG_WARN_OBJC_IMPLICIT_RETAIN_SELF = YES;
				CLANG_WARN_OBJC_LITERAL_CONVERSION = YES;
				CLANG_WARN_OBJC_ROOT_CLASS = YES_ERROR;
				CLANG_WARN_RANGE_LOOP_ANALYSIS = YES;
				CLANG_WARN_STRICT_PROTOTYPES = YES;
				CLANG_WARN_SUSPICIOUS_MOVE = YES;
				CLANG_WARN_UNGUARDED_AVAILABILITY = YES_AGGRESSIVE;
				CLANG_WARN_UNREACHABLE_CODE = YES;
				CLANG_WARN__DUPLICATE_METHOD_MATCH = YES;
				COPY_PHASE_STRIP = NO;
				DEBUG_INFORMATION_FORMAT = "dwarf-with-dsym";
				ENABLE_NS_ASSERTIONS = NO;
				ENABLE_STRICT_OBJC_MSGSEND = YES;
				GCC_C_LANGUAGE_STANDARD = gnu11;
				GCC_NO_COMMON_BLOCKS = YES;
				GCC_WARN_64_TO_32_BIT_CONVERSION = YES;
				GCC_WARN_ABOUT_RETURN_TYPE = YES_ERROR;
				GCC_WARN_UNDECLARED_SELECTOR = YES;
				GCC_WARN_UNINITIALIZED_AUTOS = YES_AGGRESSIVE;
				GCC_WARN_UNUSED_FUNCTION = YES;
				GCC_WARN_UNUSED_VARIABLE = YES;
				IPHONEOS_DEPLOYMENT_TARGET = 13.6;
				MTL_ENABLE_DEBUG_INFO = NO;
				MTL_FAST_MATH = YES;
				SDKROOT = iphoneos;
				SWIFT_COMPILATION_MODE = wholemodule;
				SWIFT_OPTIMIZATION_LEVEL = "-O";
				VALIDATE_PRODUCT = YES;
			};
			name = Release;
		};
		7445076B24F8BFE100DE1C0D /* Debug */ = {
			isa = XCBuildConfiguration;
			buildSettings = {
				ASSETCATALOG_COMPILER_APPICON_NAME = AppIcon;
				CODE_SIGN_STYLE = Automatic;
				INFOPLIST_FILE = GameFlipping/Info.plist;
				LD_RUNPATH_SEARCH_PATHS = (
					"$(inherited)",
					"@executable_path/Frameworks",
				);
				PRODUCT_BUNDLE_IDENTIFIER = tuan1.GameFlipping;
				PRODUCT_NAME = "$(TARGET_NAME)";
				SWIFT_VERSION = 5.0;
				TARGETED_DEVICE_FAMILY = "1,2";
			};
			name = Debug;
		};
		7445076C24F8BFE100DE1C0D /* Release */ = {
			isa = XCBuildConfiguration;
			buildSettings = {
				ASSETCATALOG_COMPILER_APPICON_NAME = AppIcon;
				CODE_SIGN_STYLE = Automatic;
				INFOPLIST_FILE = GameFlipping/Info.plist;
				LD_RUNPATH_SEARCH_PATHS = (
					"$(inherited)",
					"@executable_path/Frameworks",
				);
				PRODUCT_BUNDLE_IDENTIFIER = tuan1.GameFlipping;
				PRODUCT_NAME = "$(TARGET_NAME)";
				SWIFT_VERSION = 5.0;
				TARGETED_DEVICE_FAMILY = "1,2";
			};
			name = Release;
		};
		7445076E24F8BFE100DE1C0D /* Debug */ = {
			isa = XCBuildConfiguration;
			buildSettings = {
				ALWAYS_EMBED_SWIFT_STANDARD_LIBRARIES = YES;
				BUNDLE_LOADER = "$(TEST_HOST)";
				CODE_SIGN_STYLE = Automatic;
				INFOPLIST_FILE = GameFlippingTests/Info.plist;
				IPHONEOS_DEPLOYMENT_TARGET = 13.6;
				LD_RUNPATH_SEARCH_PATHS = (
					"$(inherited)",
					"@executable_path/Frameworks",
					"@loader_path/Frameworks",
				);
				PRODUCT_BUNDLE_IDENTIFIER = tuan1.GameFlippingTests;
				PRODUCT_NAME = "$(TARGET_NAME)";
				SWIFT_VERSION = 5.0;
				TARGETED_DEVICE_FAMILY = "1,2";
				TEST_HOST = "$(BUILT_PRODUCTS_DIR)/GameFlipping.app/GameFlipping";
			};
			name = Debug;
		};
		7445076F24F8BFE100DE1C0D /* Release */ = {
			isa = XCBuildConfiguration;
			buildSettings = {
				ALWAYS_EMBED_SWIFT_STANDARD_LIBRARIES = YES;
				BUNDLE_LOADER = "$(TEST_HOST)";
				CODE_SIGN_STYLE = Automatic;
				INFOPLIST_FILE = GameFlippingTests/Info.plist;
				IPHONEOS_DEPLOYMENT_TARGET = 13.6;
				LD_RUNPATH_SEARCH_PATHS = (
					"$(inherited)",
					"@executable_path/Frameworks",
					"@loader_path/Frameworks",
				);
				PRODUCT_BUNDLE_IDENTIFIER = tuan1.GameFlippingTests;
				PRODUCT_NAME = "$(TARGET_NAME)";
				SWIFT_VERSION = 5.0;
				TARGETED_DEVICE_FAMILY = "1,2";
				TEST_HOST = "$(BUILT_PRODUCTS_DIR)/GameFlipping.app/GameFlipping";
			};
			name = Release;
		};
		7445077124F8BFE100DE1C0D /* Debug */ = {
			isa = XCBuildConfiguration;
			buildSettings = {
				ALWAYS_EMBED_SWIFT_STANDARD_LIBRARIES = YES;
				CODE_SIGN_STYLE = Automatic;
				INFOPLIST_FILE = GameFlippingUITests/Info.plist;
				LD_RUNPATH_SEARCH_PATHS = (
					"$(inherited)",
					"@executable_path/Frameworks",
					"@loader_path/Frameworks",
				);
				PRODUCT_BUNDLE_IDENTIFIER = tuan1.GameFlippingUITests;
				PRODUCT_NAME = "$(TARGET_NAME)";
				SWIFT_VERSION = 5.0;
				TARGETED_DEVICE_FAMILY = "1,2";
				TEST_TARGET_NAME = GameFlipping;
			};
			name = Debug;
		};
		7445077224F8BFE100DE1C0D /* Release */ = {
			isa = XCBuildConfiguration;
			buildSettings = {
				ALWAYS_EMBED_SWIFT_STANDARD_LIBRARIES = YES;
				CODE_SIGN_STYLE = Automatic;
				INFOPLIST_FILE = GameFlippingUITests/Info.plist;
				LD_RUNPATH_SEARCH_PATHS = (
					"$(inherited)",
					"@executable_path/Frameworks",
					"@loader_path/Frameworks",
				);
				PRODUCT_BUNDLE_IDENTIFIER = tuan1.GameFlippingUITests;
				PRODUCT_NAME = "$(TARGET_NAME)";
				SWIFT_VERSION = 5.0;
				TARGETED_DEVICE_FAMILY = "1,2";
				TEST_TARGET_NAME = GameFlipping;
			};
			name = Release;
		};
/* End XCBuildConfiguration section */

/* Begin XCConfigurationList section */
		7445073B24F8BFDE00DE1C0D /* Build configuration list for PBXProject "GameFlipping" */ = {
			isa = XCConfigurationList;
			buildConfigurations = (
				7445076824F8BFE100DE1C0D /* Debug */,
				7445076924F8BFE100DE1C0D /* Release */,
			);
			defaultConfigurationIsVisible = 0;
			defaultConfigurationName = Release;
		};
		7445076A24F8BFE100DE1C0D /* Build configuration list for PBXNativeTarget "GameFlipping" */ = {
			isa = XCConfigurationList;
			buildConfigurations = (
				7445076B24F8BFE100DE1C0D /* Debug */,
				7445076C24F8BFE100DE1C0D /* Release */,
			);
			defaultConfigurationIsVisible = 0;
			defaultConfigurationName = Release;
		};
		7445076D24F8BFE100DE1C0D /* Build configuration list for PBXNativeTarget "GameFlippingTests" */ = {
			isa = XCConfigurationList;
			buildConfigurations = (
				7445076E24F8BFE100DE1C0D /* Debug */,
				7445076F24F8BFE100DE1C0D /* Release */,
			);
			defaultConfigurationIsVisible = 0;
			defaultConfigurationName = Release;
		};
		7445077024F8BFE100DE1C0D /* Build configuration list for PBXNativeTarget "GameFlippingUITests" */ = {
			isa = XCConfigurationList;
			buildConfigurations = (
				7445077124F8BFE100DE1C0D /* Debug */,
				7445077224F8BFE100DE1C0D /* Release */,
			);
			defaultConfigurationIsVisible = 0;
			defaultConfigurationName = Release;
		};
/* End XCConfigurationList section */
	};
	rootObject = 7445073824F8BFDE00DE1C0D /* Project object */;
}
